
Microsoft Visual Studio Solution File, Format Version 12.00
# Visual Studio Version 17
VisualStudioVersion = 17.6.33829.357
MinimumVisualStudioVersion = 10.0.40219.1
Project("{FAE04EC0-301F-11D3-BF4B-00C04F79EFBC}") = "CodePulse.API", "CodePulse.API\CodePulse.API.csproj", "{E4E2C55F-D42D-4118-A73A-0E006B68F638}"
EndProject
Global
	GlobalSection(SolutionConfigurationPlatforms) = preSolution
		Debug|Any CPU = Debug|Any CPU
		Release|Any CPU = Release|Any CPU
	EndGlobalSection
	GlobalSection(ProjectConfigurationPlatforms) = postSolution
		{E4E2C55F-D42D-4118-A73A-0E006B68F638}.Debug|Any CPU.ActiveCfg = Debug|Any CPU
		{E4E2C55F-D42D-4118-A73A-0E006B68F638}.Debug|Any CPU.Build.0 = Debug|Any CPU
		{E4E2C55F-D42D-4118-A73A-0E006B68F638}.Release|Any CPU.ActiveCfg = Release|Any CPU
		{E4E2C55F-D42D-4118-A73A-0E006B68F638}.Release|Any CPU.Build.0 = Release|Any CPU
	EndGlobalSection
	GlobalSection(SolutionProperties) = preSolution
		HideSolutionNode = FALSE
	EndGlobalSection
	GlobalSection(ExtensibilityGlobals) = postSolution
		SolutionGuid = {D9F6F8B4-C311-46DA-B552-76352A9A99C5}
	EndGlobalSection
EndGlobal
